
Microsoft Visual Studio Solution File, Format Version 12.00
Project("{FAE04EC0-301F-11D3-BF4B-00C04F79EFBC}") = "desktop-cshar", "desktop-cshar\desktop-cshar.csproj", "{62E4117F-F00C-49C2-A6F0-158533AD773D}"
EndProject
Global
	GlobalSection(SolutionConfigurationPlatforms) = preSolution
		Debug|Any CPU = Debug|Any CPU
		Release|Any CPU = Release|Any CPU
	EndGlobalSection
	GlobalSection(ProjectConfigurationPlatforms) = postSolution
		{62E4117F-F00C-49C2-A6F0-158533AD773D}.Debug|Any CPU.ActiveCfg = Debug|Any CPU
		{62E4117F-F00C-49C2-A6F0-158533AD773D}.Debug|Any CPU.Build.0 = Debug|Any CPU
		{62E4117F-F00C-49C2-A6F0-158533AD773D}.Release|Any CPU.ActiveCfg = Release|Any CPU
		{62E4117F-F00C-49C2-A6F0-158533AD773D}.Release|Any CPU.Build.0 = Release|Any CPU
	EndGlobalSection
EndGlobal
